
Microsoft Visual Studio Solution File, Format Version 12.00
# Visual Studio 14
VisualStudioVersion = 14.0.25420.1
MinimumVisualStudioVersion = 10.0.40219.1
Project("{FAE04EC0-301F-11D3-BF4B-00C04F79EFBC}") = "Trim Function2 and Pads Functions", "Trim Function2 and Pads Functions\Trim Function2 and Pads Functions.csproj", "{E1D43952-6D7F-4C62-8E07-433C52E9EBC9}"
EndProject
Global
	GlobalSection(SolutionConfigurationPlatforms) = preSolution
		Debug|Any CPU = Debug|Any CPU
		Release|Any CPU = Release|Any CPU
	EndGlobalSection
	GlobalSection(ProjectConfigurationPlatforms) = postSolution
		{E1D43952-6D7F-4C62-8E07-433C52E9EBC9}.Debug|Any CPU.ActiveCfg = Debug|Any CPU
		{E1D43952-6D7F-4C62-8E07-433C52E9EBC9}.Debug|Any CPU.Build.0 = Debug|Any CPU
		{E1D43952-6D7F-4C62-8E07-433C52E9EBC9}.Release|Any CPU.ActiveCfg = Release|Any CPU
		{E1D43952-6D7F-4C62-8E07-433C52E9EBC9}.Release|Any CPU.Build.0 = Release|Any CPU
	EndGlobalSection
	GlobalSection(SolutionProperties) = preSolution
		HideSolutionNode = FALSE
	EndGlobalSection
EndGlobal
